
Microsoft Visual Studio Solution File, Format Version 12.00
# Visual Studio 15
VisualStudioVersion = 15.0.28010.2026
MinimumVisualStudioVersion = 10.0.40219.1
Project("{FAE04EC0-301F-11D3-BF4B-00C04F79EFBC}") = "zadan.Android", "zadan\zadan.Android\zadan.Android.csproj", "{85B41C42-E914-4367-B37C-D8AF69A14AB5}"
EndProject
Project("{FAE04EC0-301F-11D3-BF4B-00C04F79EFBC}") = "zadan.iOS", "zadan\zadan.iOS\zadan.iOS.csproj", "{096E1178-C366-4123-9CFF-C934EB3FC8C9}"
EndProject
Project("{FAE04EC0-301F-11D3-BF4B-00C04F79EFBC}") = "zadan.UWP", "zadan\zadan.UWP\zadan.UWP.csproj", "{E81C75BB-61FF-4E5B-900E-3CB3D91EDCD6}"
EndProject
Project("{9A19103F-16F7-4668-BE54-9A1E7A4F7556}") = "zadan", "zadan\zadan\zadan.csproj", "{7124E10A-C28A-496C-8561-63432487D21F}"
EndProject
Global
	GlobalSection(SolutionConfigurationPlatforms) = preSolution
		Ad-Hoc|Any CPU = Ad-Hoc|Any CPU
		Ad-Hoc|ARM = Ad-Hoc|ARM
		Ad-Hoc|iPhone = Ad-Hoc|iPhone
		Ad-Hoc|iPhoneSimulator = Ad-Hoc|iPhoneSimulator
		Ad-Hoc|x64 = Ad-Hoc|x64
		Ad-Hoc|x86 = Ad-Hoc|x86
		AppStore|Any CPU = AppStore|Any CPU
		AppStore|ARM = AppStore|ARM
		AppStore|iPhone = AppStore|iPhone
		AppStore|iPhoneSimulator = AppStore|iPhoneSimulator
		AppStore|x64 = AppStore|x64
		AppStore|x86 = AppStore|x86
		Debug|Any CPU = Debug|Any CPU
		Debug|ARM = Debug|ARM
		Debug|iPhone = Debug|iPhone
		Debug|iPhoneSimulator = Debug|iPhoneSimulator
		Debug|x64 = Debug|x64
		Debug|x86 = Debug|x86
		Release|Any CPU = Release|Any CPU
		Release|ARM = Release|ARM
		Release|iPhone = Release|iPhone
		Release|iPhoneSimulator = Release|iPhoneSimulator
		Release|x64 = Release|x64
		Release|x86 = Release|x86
	EndGlobalSection
	GlobalSection(ProjectConfigurationPlatforms) = postSolution
		{85B41C42-E914-4367-B37C-D8AF69A14AB5}.Ad-Hoc|Any CPU.ActiveCfg = Release|Any CPU
		{85B41C42-E914-4367-B37C-D8AF69A14AB5}.Ad-Hoc|Any CPU.Build.0 = Release|Any CPU
		{85B41C42-E914-4367-B37C-D8AF69A14AB5}.Ad-Hoc|Any CPU.Deploy.0 = Release|Any CPU
		{85B41C42-E914-4367-B37C-D8AF69A14AB5}.Ad-Hoc|ARM.ActiveCfg = Release|Any CPU
		{85B41C42-E914-4367-B37C-D8AF69A14AB5}.Ad-Hoc|ARM.Build.0 = Release|Any CPU
		{85B41C42-E914-4367-B37C-D8AF69A14AB5}.Ad-Hoc|ARM.Deploy.0 = Release|Any CPU
		{85B41C42-E914-4367-B37C-D8AF69A14AB5}.Ad-Hoc|iPhone.ActiveCfg = Release|Any CPU
		{85B41C42-E914-4367-B37C-D8AF69A14AB5}.Ad-Hoc|iPhone.Build.0 = Release|Any CPU
		{85B41C42-E914-4367-B37C-D8AF69A14AB5}.Ad-Hoc|iPhone.Deploy.0 = Release|Any CPU
		{85B41C42-E914-4367-B37C-D8AF69A14AB5}.Ad-Hoc|iPhoneSimulator.ActiveCfg = Release|Any CPU
		{85B41C42-E914-4367-B37C-D8AF69A14AB5}.Ad-Hoc|iPhoneSimulator.Build.0 = Release|Any CPU
		{85B41C42-E914-4367-B37C-D8AF69A14AB5}.Ad-Hoc|iPhoneSimulator.Deploy.0 = Release|Any CPU
		{85B41C42-E914-4367-B37C-D8AF69A14AB5}.Ad-Hoc|x64.ActiveCfg = Release|Any CPU
		{85B41C42-E914-4367-B37C-D8AF69A14AB5}.Ad-Hoc|x64.Build.0 = Release|Any CPU
		{85B41C42-E914-4367-B37C-D8AF69A14AB5}.Ad-Hoc|x64.Deploy.0 = Release|Any CPU
		{85B41C42-E914-4367-B37C-D8AF69A14AB5}.Ad-Hoc|x86.ActiveCfg = Release|Any CPU
		{85B41C42-E914-4367-B37C-D8AF69A14AB5}.Ad-Hoc|x86.Build.0 = Release|Any CPU
		{85B41C42-E914-4367-B37C-D8AF69A14AB5}.Ad-Hoc|x86.Deploy.0 = Release|Any CPU
		{85B41C42-E914-4367-B37C-D8AF69A14AB5}.AppStore|Any CPU.ActiveCfg = Release|Any CPU
		{85B41C42-E914-4367-B37C-D8AF69A14AB5}.AppStore|Any CPU.Build.0 = Release|Any CPU
		{85B41C42-E914-4367-B37C-D8AF69A14AB5}.AppStore|Any CPU.Deploy.0 = Release|Any CPU
		{85B41C42-E914-4367-B37C-D8AF69A14AB5}.AppStore|ARM.ActiveCfg = Release|Any CPU
		{85B41C42-E914-4367-B37C-D8AF69A14AB5}.AppStore|ARM.Build.0 = Release|Any CPU
		{85B41C42-E914-4367-B37C-D8AF69A14AB5}.AppStore|ARM.Deploy.0 = Release|Any CPU
		{85B41C42-E914-4367-B37C-D8AF69A14AB5}.AppStore|iPhone.ActiveCfg = Release|Any CPU
		{85B41C42-E914-4367-B37C-D8AF69A14AB5}.AppStore|iPhone.Build.0 = Release|Any CPU
		{85B41C42-E914-4367-B37C-D8AF69A14AB5}.AppStore|iPhone.Deploy.0 = Release|Any CPU
		{85B41C42-E914-4367-B37C-D8AF69A14AB5}.AppStore|iPhoneSimulator.ActiveCfg = Release|Any CPU
		{85B41C42-E914-4367-B37C-D8AF69A14AB5}.AppStore|iPhoneSimulator.Build.0 = Release|Any CPU
		{85B41C42-E914-4367-B37C-D8AF69A14AB5}.AppStore|iPhoneSimulator.Deploy.0 = Release|Any CPU
		{85B41C42-E914-4367-B37C-D8AF69A14AB5}.AppStore|x64.ActiveCfg = Release|Any CPU
		{85B41C42-E914-4367-B37C-D8AF69A14AB5}.AppStore|x64.Build.0 = Release|Any CPU
		{85B41C42-E914-4367-B37C-D8AF69A14AB5}.AppStore|x64.Deploy.0 = Release|Any CPU
		{85B41C42-E914-4367-B37C-D8AF69A14AB5}.AppStore|x86.ActiveCfg = Release|Any CPU
		{85B41C42-E914-4367-B37C-D8AF69A14AB5}.AppStore|x86.Build.0 = Release|Any CPU
		{85B41C42-E914-4367-B37C-D8AF69A14AB5}.AppStore|x86.Deploy.0 = Release|Any CPU
		{85B41C42-E914-4367-B37C-D8AF69A14AB5}.Debug|Any CPU.ActiveCfg = Debug|Any CPU
		{85B41C42-E914-4367-B37C-D8AF69A14AB5}.Debug|Any CPU.Build.0 = Debug|Any CPU
		{85B41C42-E914-4367-B37C-D8AF69A14AB5}.Debug|Any CPU.Deploy.0 = Debug|Any CPU
		{85B41C42-E914-4367-B37C-D8AF69A14AB5}.Debug|ARM.ActiveCfg = Debug|Any CPU
		{85B41C42-E914-4367-B37C-D8AF69A14AB5}.Debug|ARM.Build.0 = Debug|Any CPU
		{85B41C42-E914-4367-B37C-D8AF69A14AB5}.Debug|ARM.Deploy.0 = Debug|Any CPU
		{85B41C42-E914-4367-B37C-D8AF69A14AB5}.Debug|iPhone.ActiveCfg = Debug|Any CPU
		{85B41C42-E914-4367-B37C-D8AF69A14AB5}.Debug|iPhone.Build.0 = Debug|Any CPU
		{85B41C42-E914-4367-B37C-D8AF69A14AB5}.Debug|iPhone.Deploy.0 = Debug|Any CPU
		{85B41C42-E914-4367-B37C-D8AF69A14AB5}.Debug|iPhoneSimulator.ActiveCfg = Debug|Any CPU
		{85B41C42-E914-4367-B37C-D8AF69A14AB5}.Debug|iPhoneSimulator.Build.0 = Debug|Any CPU
		{85B41C42-E914-4367-B37C-D8AF69A14AB5}.Debug|iPhoneSimulator.Deploy.0 = Debug|Any CPU
		{85B41C42-E914-4367-B37C-D8AF69A14AB5}.Debug|x64.ActiveCfg = Debug|Any CPU
		{85B41C42-E914-4367-B37C-D8AF69A14AB5}.Debug|x64.Build.0 = Debug|Any CPU
		{85B41C42-E914-4367-B37C-D8AF69A14AB5}.Debug|x64.Deploy.0 = Debug|Any CPU
		{85B41C42-E914-4367-B37C-D8AF69A14AB5}.Debug|x86.ActiveCfg = Debug|Any CPU
		{85B41C42-E914-4367-B37C-D8AF69A14AB5}.Debug|x86.Build.0 = Debug|Any CPU
		{85B41C42-E914-4367-B37C-D8AF69A14AB5}.Debug|x86.Deploy.0 = Debug|Any CPU
		{85B41C42-E914-4367-B37C-D8AF69A14AB5}.Release|Any CPU.ActiveCfg = Release|Any CPU
		{85B41C42-E914-4367-B37C-D8AF69A14AB5}.Release|Any CPU.Build.0 = Release|Any CPU
		{85B41C42-E914-4367-B37C-D8AF69A14AB5}.Release|Any CPU.Deploy.0 = Release|Any CPU
		{85B41C42-E914-4367-B37C-D8AF69A14AB5}.Release|ARM.ActiveCfg = Release|Any CPU
		{85B41C42-E914-4367-B37C-D8AF69A14AB5}.Release|ARM.Build.0 = Release|Any CPU
		{85B41C42-E914-4367-B37C-D8AF69A14AB5}.Release|ARM.Deploy.0 = Release|Any CPU
		{85B41C42-E914-4367-B37C-D8AF69A14AB5}.Release|iPhone.ActiveCfg = Release|Any CPU
		{85B41C42-E914-4367-B37C-D8AF69A14AB5}.Release|iPhone.Build.0 = Release|Any CPU
		{85B41C42-E914-4367-B37C-D8AF69A14AB5}.Release|iPhone.Deploy.0 = Release|Any CPU
		{85B41C42-E914-4367-B37C-D8AF69A14AB5}.Release|iPhoneSimulator.ActiveCfg = Release|Any CPU
		{85B41C42-E914-4367-B37C-D8AF69A14AB5}.Release|iPhoneSimulator.Build.0 = Release|Any CPU
		{85B41C42-E914-4367-B37C-D8AF69A14AB5}.Release|iPhoneSimulator.Deploy.0 = Release|Any CPU
		{85B41C42-E914-4367-B37C-D8AF69A14AB5}.Release|x64.ActiveCfg = Release|Any CPU
		{85B41C42-E914-4367-B37C-D8AF69A14AB5}.Release|x64.Build.0 = Release|Any CPU
		{85B41C42-E914-4367-B37C-D8AF69A14AB5}.Release|x64.Deploy.0 = Release|Any CPU
		{85B41C42-E914-4367-B37C-D8AF69A14AB5}.Release|x86.ActiveCfg = Release|Any CPU
		{85B41C42-E914-4367-B37C-D8AF69A14AB5}.Release|x86.Build.0 = Release|Any CPU
		{85B41C42-E914-4367-B37C-D8AF69A14AB5}.Release|x86.Deploy.0 = Release|Any CPU
		{096E1178-C366-4123-9CFF-C934EB3FC8C9}.Ad-Hoc|Any CPU.ActiveCfg = Ad-Hoc|iPhone
		{096E1178-C366-4123-9CFF-C934EB3FC8C9}.Ad-Hoc|Any CPU.Build.0 = Ad-Hoc|iPhone
		{096E1178-C366-4123-9CFF-C934EB3FC8C9}.Ad-Hoc|Any CPU.Deploy.0 = Ad-Hoc|iPhone
		{096E1178-C366-4123-9CFF-C934EB3FC8C9}.Ad-Hoc|ARM.ActiveCfg = Ad-Hoc|iPhone
		{096E1178-C366-4123-9CFF-C934EB3FC8C9}.Ad-Hoc|ARM.Build.0 = Ad-Hoc|iPhone
		{096E1178-C366-4123-9CFF-C934EB3FC8C9}.Ad-Hoc|ARM.Deploy.0 = Ad-Hoc|iPhone
		{096E1178-C366-4123-9CFF-C934EB3FC8C9}.Ad-Hoc|iPhone.ActiveCfg = Ad-Hoc|iPhone
		{096E1178-C366-4123-9CFF-C934EB3FC8C9}.Ad-Hoc|iPhone.Build.0 = Ad-Hoc|iPhone
		{096E1178-C366-4123-9CFF-C934EB3FC8C9}.Ad-Hoc|iPhone.Deploy.0 = Ad-Hoc|iPhone
		{096E1178-C366-4123-9CFF-C934EB3FC8C9}.Ad-Hoc|iPhoneSimulator.ActiveCfg = Ad-Hoc|iPhoneSimulator
		{096E1178-C366-4123-9CFF-C934EB3FC8C9}.Ad-Hoc|iPhoneSimulator.Build.0 = Ad-Hoc|iPhoneSimulator
		{096E1178-C366-4123-9CFF-C934EB3FC8C9}.Ad-Hoc|iPhoneSimulator.Deploy.0 = Ad-Hoc|iPhoneSimulator
		{096E1178-C366-4123-9CFF-C934EB3FC8C9}.Ad-Hoc|x64.ActiveCfg = Ad-Hoc|iPhone
		{096E1178-C366-4123-9CFF-C934EB3FC8C9}.Ad-Hoc|x64.Build.0 = Ad-Hoc|iPhone
		{096E1178-C366-4123-9CFF-C934EB3FC8C9}.Ad-Hoc|x64.Deploy.0 = Ad-Hoc|iPhone
		{096E1178-C366-4123-9CFF-C934EB3FC8C9}.Ad-Hoc|x86.ActiveCfg = Ad-Hoc|iPhone
		{096E1178-C366-4123-9CFF-C934EB3FC8C9}.Ad-Hoc|x86.Build.0 = Ad-Hoc|iPhone
		{096E1178-C366-4123-9CFF-C934EB3FC8C9}.Ad-Hoc|x86.Deploy.0 = Ad-Hoc|iPhone
		{096E1178-C366-4123-9CFF-C934EB3FC8C9}.AppStore|Any CPU.ActiveCfg = AppStore|iPhone
		{096E1178-C366-4123-9CFF-C934EB3FC8C9}.AppStore|Any CPU.Build.0 = AppStore|iPhone
		{096E1178-C366-4123-9CFF-C934EB3FC8C9}.AppStore|Any CPU.Deploy.0 = AppStore|iPhone
		{096E1178-C366-4123-9CFF-C934EB3FC8C9}.AppStore|ARM.ActiveCfg = AppStore|iPhone
		{096E1178-C366-4123-9CFF-C934EB3FC8C9}.AppStore|ARM.Build.0 = AppStore|iPhone
		{096E1178-C366-4123-9CFF-C934EB3FC8C9}.AppStore|ARM.Deploy.0 = AppStore|iPhone
		{096E1178-C366-4123-9CFF-C934EB3FC8C9}.AppStore|iPhone.ActiveCfg = AppStore|iPhone
		{096E1178-C366-4123-9CFF-C934EB3FC8C9}.AppStore|iPhone.Build.0 = AppStore|iPhone
		{096E1178-C366-4123-9CFF-C934EB3FC8C9}.AppStore|iPhone.Deploy.0 = AppStore|iPhone
		{096E1178-C366-4123-9CFF-C934EB3FC8C9}.AppStore|iPhoneSimulator.ActiveCfg = AppStore|iPhoneSimulator
		{096E1178-C366-4123-9CFF-C934EB3FC8C9}.AppStore|iPhoneSimulator.Build.0 = AppStore|iPhoneSimulator
		{096E1178-C366-4123-9CFF-C934EB3FC8C9}.AppStore|iPhoneSimulator.Deploy.0 = AppStore|iPhoneSimulator
		{096E1178-C366-4123-9CFF-C934EB3FC8C9}.AppStore|x64.ActiveCfg = AppStore|iPhone
		{096E1178-C366-4123-9CFF-C934EB3FC8C9}.AppStore|x64.Build.0 = AppStore|iPhone
		{096E1178-C366-4123-9CFF-C934EB3FC8C9}.AppStore|x64.Deploy.0 = AppStore|iPhone
		{096E1178-C366-4123-9CFF-C934EB3FC8C9}.AppStore|x86.ActiveCfg = AppStore|iPhone
		{096E1178-C366-4123-9CFF-C934EB3FC8C9}.AppStore|x86.Build.0 = AppStore|iPhone
		{096E1178-C366-4123-9CFF-C934EB3FC8C9}.AppStore|x86.Deploy.0 = AppStore|iPhone
		{096E1178-C366-4123-9CFF-C934EB3FC8C9}.Debug|Any CPU.ActiveCfg = Debug|iPhoneSimulator
		{096E1178-C366-4123-9CFF-C934EB3FC8C9}.Debug|Any CPU.Build.0 = Debug|iPhoneSimulator
		{096E1178-C366-4123-9CFF-C934EB3FC8C9}.Debug|Any CPU.Deploy.0 = Debug|iPhoneSimulator
		{096E1178-C366-4123-9CFF-C934EB3FC8C9}.Debug|ARM.ActiveCfg = Debug|iPhone
		{096E1178-C366-4123-9CFF-C934EB3FC8C9}.Debug|ARM.Build.0 = Debug|iPhone
		{096E1178-C366-4123-9CFF-C934EB3FC8C9}.Debug|ARM.Deploy.0 = Debug|iPhone
		{096E1178-C366-4123-9CFF-C934EB3FC8C9}.Debug|iPhone.ActiveCfg = Debug|iPhone
		{096E1178-C366-4123-9CFF-C934EB3FC8C9}.Debug|iPhone.Build.0 = Debug|iPhone
		{096E1178-C366-4123-9CFF-C934EB3FC8C9}.Debug|iPhone.Deploy.0 = Debug|iPhone
		{096E1178-C366-4123-9CFF-C934EB3FC8C9}.Debug|iPhoneSimulator.ActiveCfg = Debug|iPhoneSimulator
		{096E1178-C366-4123-9CFF-C934EB3FC8C9}.Debug|iPhoneSimulator.Build.0 = Debug|iPhoneSimulator
		{096E1178-C366-4123-9CFF-C934EB3FC8C9}.Debug|iPhoneSimulator.Deploy.0 = Debug|iPhoneSimulator
		{096E1178-C366-4123-9CFF-C934EB3FC8C9}.Debug|x64.ActiveCfg = Debug|iPhone
		{096E1178-C366-4123-9CFF-C934EB3FC8C9}.Debug|x64.Build.0 = Debug|iPhone
		{096E1178-C366-4123-9CFF-C934EB3FC8C9}.Debug|x64.Deploy.0 = Debug|iPhone
		{096E1178-C366-4123-9CFF-C934EB3FC8C9}.Debug|x86.ActiveCfg = Debug|iPhone
		{096E1178-C366-4123-9CFF-C934EB3FC8C9}.Debug|x86.Build.0 = Debug|iPhone
		{096E1178-C366-4123-9CFF-C934EB3FC8C9}.Debug|x86.Deploy.0 = Debug|iPhone
		{096E1178-C366-4123-9CFF-C934EB3FC8C9}.Release|Any CPU.ActiveCfg = Release|iPhone
		{096E1178-C366-4123-9CFF-C934EB3FC8C9}.Release|Any CPU.Build.0 = Release|iPhone
		{096E1178-C366-4123-9CFF-C934EB3FC8C9}.Release|Any CPU.Deploy.0 = Release|iPhone
		{096E1178-C366-4123-9CFF-C934EB3FC8C9}.Release|ARM.ActiveCfg = Release|iPhone
		{096E1178-C366-4123-9CFF-C934EB3FC8C9}.Release|ARM.Build.0 = Release|iPhone
		{096E1178-C366-4123-9CFF-C934EB3FC8C9}.Release|ARM.Deploy.0 = Release|iPhone
		{096E1178-C366-4123-9CFF-C934EB3FC8C9}.Release|iPhone.ActiveCfg = Release|iPhone
		{096E1178-C366-4123-9CFF-C934EB3FC8C9}.Release|iPhone.Build.0 = Release|iPhone
		{096E1178-C366-4123-9CFF-C934EB3FC8C9}.Release|iPhone.Deploy.0 = Release|iPhone
		{096E1178-C366-4123-9CFF-C934EB3FC8C9}.Release|iPhoneSimulator.ActiveCfg = Release|iPhoneSimulator
		{096E1178-C366-4123-9CFF-C934EB3FC8C9}.Release|iPhoneSimulator.Build.0 = Release|iPhoneSimulator
		{096E1178-C366-4123-9CFF-C934EB3FC8C9}.Release|iPhoneSimulator.Deploy.0 = Release|iPhoneSimulator
		{096E1178-C366-4123-9CFF-C934EB3FC8C9}.Release|x64.ActiveCfg = Release|iPhone
		{096E1178-C366-4123-9CFF-C934EB3FC8C9}.Release|x64.Build.0 = Release|iPhone
		{096E1178-C366-4123-9CFF-C934EB3FC8C9}.Release|x64.Deploy.0 = Release|iPhone
		{096E1178-C366-4123-9CFF-C934EB3FC8C9}.Release|x86.ActiveCfg = Release|iPhone
		{096E1178-C366-4123-9CFF-C934EB3FC8C9}.Release|x86.Build.0 = Release|iPhone
		{096E1178-C366-4123-9CFF-C934EB3FC8C9}.Release|x86.Deploy.0 = Release|iPhone
		{E81C75BB-61FF-4E5B-900E-3CB3D91EDCD6}.Ad-Hoc|Any CPU.ActiveCfg = Release|x86
		{E81C75BB-61FF-4E5B-900E-3CB3D91EDCD6}.Ad-Hoc|Any CPU.Build.0 = Release|x86
		{E81C75BB-61FF-4E5B-900E-3CB3D91EDCD6}.Ad-Hoc|Any CPU.Deploy.0 = Release|x86
		{E81C75BB-61FF-4E5B-900E-3CB3D91EDCD6}.Ad-Hoc|ARM.ActiveCfg = Release|ARM
		{E81C75BB-61FF-4E5B-900E-3CB3D91EDCD6}.Ad-Hoc|ARM.Build.0 = Release|ARM
		{E81C75BB-61FF-4E5B-900E-3CB3D91EDCD6}.Ad-Hoc|ARM.Deploy.0 = Release|ARM
		{E81C75BB-61FF-4E5B-900E-3CB3D91EDCD6}.Ad-Hoc|iPhone.ActiveCfg = Release|x86
		{E81C75BB-61FF-4E5B-900E-3CB3D91EDCD6}.Ad-Hoc|iPhone.Build.0 = Release|x86
		{E81C75BB-61FF-4E5B-900E-3CB3D91EDCD6}.Ad-Hoc|iPhone.Deploy.0 = Release|x86
		{E81C75BB-61FF-4E5B-900E-3CB3D91EDCD6}.Ad-Hoc|iPhoneSimulator.ActiveCfg = Release|x86
		{E81C75BB-61FF-4E5B-900E-3CB3D91EDCD6}.Ad-Hoc|iPhoneSimulator.Build.0 = Release|x86
		{E81C75BB-61FF-4E5B-900E-3CB3D91EDCD6}.Ad-Hoc|iPhoneSimulator.Deploy.0 = Release|x86
		{E81C75BB-61FF-4E5B-900E-3CB3D91EDCD6}.Ad-Hoc|x64.ActiveCfg = Release|x64
		{E81C75BB-61FF-4E5B-900E-3CB3D91EDCD6}.Ad-Hoc|x64.Build.0 = Release|x64
		{E81C75BB-61FF-4E5B-900E-3CB3D91EDCD6}.Ad-Hoc|x64.Deploy.0 = Release|x64
		{E81C75BB-61FF-4E5B-900E-3CB3D91EDCD6}.Ad-Hoc|x86.ActiveCfg = Release|x86
		{E81C75BB-61FF-4E5B-900E-3CB3D91EDCD6}.Ad-Hoc|x86.Build.0 = Release|x86
		{E81C75BB-61FF-4E5B-900E-3CB3D91EDCD6}.Ad-Hoc|x86.Deploy.0 = Release|x86
		{E81C75BB-61FF-4E5B-900E-3CB3D91EDCD6}.AppStore|Any CPU.ActiveCfg = Release|x86
		{E81C75BB-61FF-4E5B-900E-3CB3D91EDCD6}.AppStore|Any CPU.Build.0 = Release|x86
		{E81C75BB-61FF-4E5B-900E-3CB3D91EDCD6}.AppStore|Any CPU.Deploy.0 = Release|x86
		{E81C75BB-61FF-4E5B-900E-3CB3D91EDCD6}.AppStore|ARM.ActiveCfg = Release|ARM
		{E81C75BB-61FF-4E5B-900E-3CB3D91EDCD6}.AppStore|ARM.Build.0 = Release|ARM
		{E81C75BB-61FF-4E5B-900E-3CB3D91EDCD6}.AppStore|ARM.Deploy.0 = Release|ARM
		{E81C75BB-61FF-4E5B-900E-3CB3D91EDCD6}.AppStore|iPhone.ActiveCfg = Release|x86
		{E81C75BB-61FF-4E5B-900E-3CB3D91EDCD6}.AppStore|iPhone.Build.0 = Release|x86
		{E81C75BB-61FF-4E5B-900E-3CB3D91EDCD6}.AppStore|iPhone.Deploy.0 = Release|x86
		{E81C75BB-61FF-4E5B-900E-3CB3D91EDCD6}.AppStore|iPhoneSimulator.ActiveCfg = Release|x86
		{E81C75BB-61FF-4E5B-900E-3CB3D91EDCD6}.AppStore|iPhoneSimulator.Build.0 = Release|x86
		{E81C75BB-61FF-4E5B-900E-3CB3D91EDCD6}.AppStore|iPhoneSimulator.Deploy.0 = Release|x86
		{E81C75BB-61FF-4E5B-900E-3CB3D91EDCD6}.AppStore|x64.ActiveCfg = Release|x64
		{E81C75BB-61FF-4E5B-900E-3CB3D91EDCD6}.AppStore|x64.Build.0 = Release|x64
		{E81C75BB-61FF-4E5B-900E-3CB3D91EDCD6}.AppStore|x64.Deploy.0 = Release|x64
		{E81C75BB-61FF-4E5B-900E-3CB3D91EDCD6}.AppStore|x86.ActiveCfg = Release|x86
		{E81C75BB-61FF-4E5B-900E-3CB3D91EDCD6}.AppStore|x86.Build.0 = Release|x86
		{E81C75BB-61FF-4E5B-900E-3CB3D91EDCD6}.AppStore|x86.Deploy.0 = Release|x86
		{E81C75BB-61FF-4E5B-900E-3CB3D91EDCD6}.Debug|Any CPU.ActiveCfg = Debug|x86
		{E81C75BB-61FF-4E5B-900E-3CB3D91EDCD6}.Debug|Any CPU.Build.0 = Debug|x86
		{E81C75BB-61FF-4E5B-900E-3CB3D91EDCD6}.Debug|Any CPU.Deploy.0 = Debug|x86
		{E81C75BB-61FF-4E5B-900E-3CB3D91EDCD6}.Debug|ARM.ActiveCfg = Debug|ARM
		{E81C75BB-61FF-4E5B-900E-3CB3D91EDCD6}.Debug|ARM.Build.0 = Debug|ARM
		{E81C75BB-61FF-4E5B-900E-3CB3D91EDCD6}.Debug|ARM.Deploy.0 = Debug|ARM
		{E81C75BB-61FF-4E5B-900E-3CB3D91EDCD6}.Debug|iPhone.ActiveCfg = Debug|x86
		{E81C75BB-61FF-4E5B-900E-3CB3D91EDCD6}.Debug|iPhone.Build.0 = Debug|x86
		{E81C75BB-61FF-4E5B-900E-3CB3D91EDCD6}.Debug|iPhone.Deploy.0 = Debug|x86
		{E81C75BB-61FF-4E5B-900E-3CB3D91EDCD6}.Debug|iPhoneSimulator.ActiveCfg = Debug|x86
		{E81C75BB-61FF-4E5B-900E-3CB3D91EDCD6}.Debug|iPhoneSimulator.Build.0 = Debug|x86
		{E81C75BB-61FF-4E5B-900E-3CB3D91EDCD6}.Debug|iPhoneSimulator.Deploy.0 = Debug|x86
		{E81C75BB-61FF-4E5B-900E-3CB3D91EDCD6}.Debug|x64.ActiveCfg = Debug|x64
		{E81C75BB-61FF-4E5B-900E-3CB3D91EDCD6}.Debug|x64.Build.0 = Debug|x64
		{E81C75BB-61FF-4E5B-900E-3CB3D91EDCD6}.Debug|x64.Deploy.0 = Debug|x64
		{E81C75BB-61FF-4E5B-900E-3CB3D91EDCD6}.Debug|x86.ActiveCfg = Debug|x86
		{E81C75BB-61FF-4E5B-900E-3CB3D91EDCD6}.Debug|x86.Build.0 = Debug|x86
		{E81C75BB-61FF-4E5B-900E-3CB3D91EDCD6}.Debug|x86.Deploy.0 = Debug|x86
		{E81C75BB-61FF-4E5B-900E-3CB3D91EDCD6}.Release|Any CPU.ActiveCfg = Release|x86
		{E81C75BB-61FF-4E5B-900E-3CB3D91EDCD6}.Release|Any CPU.Build.0 = Release|x86
		{E81C75BB-61FF-4E5B-900E-3CB3D91EDCD6}.Release|Any CPU.Deploy.0 = Release|x86
		{E81C75BB-61FF-4E5B-900E-3CB3D91EDCD6}.Release|ARM.ActiveCfg = Release|ARM
		{E81C75BB-61FF-4E5B-900E-3CB3D91EDCD6}.Release|ARM.Build.0 = Release|ARM
		{E81C75BB-61FF-4E5B-900E-3CB3D91EDCD6}.Release|ARM.Deploy.0 = Release|ARM
		{E81C75BB-61FF-4E5B-900E-3CB3D91EDCD6}.Release|iPhone.ActiveCfg = Release|x86
		{E81C75BB-61FF-4E5B-900E-3CB3D91EDCD6}.Release|iPhone.Build.0 = Release|x86
		{E81C75BB-61FF-4E5B-900E-3CB3D91EDCD6}.Release|iPhone.Deploy.0 = Release|x86
		{E81C75BB-61FF-4E5B-900E-3CB3D91EDCD6}.Release|iPhoneSimulator.ActiveCfg = Release|x86
		{E81C75BB-61FF-4E5B-900E-3CB3D91EDCD6}.Release|iPhoneSimulator.Build.0 = Release|x86
		{E81C75BB-61FF-4E5B-900E-3CB3D91EDCD6}.Release|iPhoneSimulator.Deploy.0 = Release|x86
		{E81C75BB-61FF-4E5B-900E-3CB3D91EDCD6}.Release|x64.ActiveCfg = Release|x64
		{E81C75BB-61FF-4E5B-900E-3CB3D91EDCD6}.Release|x64.Build.0 = Release|x64
		{E81C75BB-61FF-4E5B-900E-3CB3D91EDCD6}.Release|x64.Deploy.0 = Release|x64
		{E81C75BB-61FF-4E5B-900E-3CB3D91EDCD6}.Release|x86.ActiveCfg = Release|x86
		{E81C75BB-61FF-4E5B-900E-3CB3D91EDCD6}.Release|x86.Build.0 = Release|x86
		{E81C75BB-61FF-4E5B-900E-3CB3D91EDCD6}.Release|x86.Deploy.0 = Release|x86
		{7124E10A-C28A-496C-8561-63432487D21F}.Ad-Hoc|Any CPU.ActiveCfg = Debug|Any CPU
		{7124E10A-C28A-496C-8561-63432487D21F}.Ad-Hoc|Any CPU.Build.0 = Debug|Any CPU
		{7124E10A-C28A-496C-8561-63432487D21F}.Ad-Hoc|Any CPU.Deploy.0 = Debug|Any CPU
		{7124E10A-C28A-496C-8561-63432487D21F}.Ad-Hoc|ARM.ActiveCfg = Debug|Any CPU
		{7124E10A-C28A-496C-8561-63432487D21F}.Ad-Hoc|ARM.Build.0 = Debug|Any CPU
		{7124E10A-C28A-496C-8561-63432487D21F}.Ad-Hoc|ARM.Deploy.0 = Debug|Any CPU
		{7124E10A-C28A-496C-8561-63432487D21F}.Ad-Hoc|iPhone.ActiveCfg = Debug|Any CPU
		{7124E10A-C28A-496C-8561-63432487D21F}.Ad-Hoc|iPhone.Build.0 = Debug|Any CPU
		{7124E10A-C28A-496C-8561-63432487D21F}.Ad-Hoc|iPhone.Deploy.0 = Debug|Any CPU
		{7124E10A-C28A-496C-8561-63432487D21F}.Ad-Hoc|iPhoneSimulator.ActiveCfg = Debug|Any CPU
		{7124E10A-C28A-496C-8561-63432487D21F}.Ad-Hoc|iPhoneSimulator.Build.0 = Debug|Any CPU
		{7124E10A-C28A-496C-8561-63432487D21F}.Ad-Hoc|iPhoneSimulator.Deploy.0 = Debug|Any CPU
		{7124E10A-C28A-496C-8561-63432487D21F}.Ad-Hoc|x64.ActiveCfg = Debug|Any CPU
		{7124E10A-C28A-496C-8561-63432487D21F}.Ad-Hoc|x64.Build.0 = Debug|Any CPU
		{7124E10A-C28A-496C-8561-63432487D21F}.Ad-Hoc|x64.Deploy.0 = Debug|Any CPU
		{7124E10A-C28A-496C-8561-63432487D21F}.Ad-Hoc|x86.ActiveCfg = Debug|Any CPU
		{7124E10A-C28A-496C-8561-63432487D21F}.Ad-Hoc|x86.Build.0 = Debug|Any CPU
		{7124E10A-C28A-496C-8561-63432487D21F}.Ad-Hoc|x86.Deploy.0 = Debug|Any CPU
		{7124E10A-C28A-496C-8561-63432487D21F}.AppStore|Any CPU.ActiveCfg = Debug|Any CPU
		{7124E10A-C28A-496C-8561-63432487D21F}.AppStore|Any CPU.Build.0 = Debug|Any CPU
		{7124E10A-C28A-496C-8561-63432487D21F}.AppStore|Any CPU.Deploy.0 = Debug|Any CPU
		{7124E10A-C28A-496C-8561-63432487D21F}.AppStore|ARM.ActiveCfg = Debug|Any CPU
		{7124E10A-C28A-496C-8561-63432487D21F}.AppStore|ARM.Build.0 = Debug|Any CPU
		{7124E10A-C28A-496C-8561-63432487D21F}.AppStore|ARM.Deploy.0 = Debug|Any CPU
		{7124E10A-C28A-496C-8561-63432487D21F}.AppStore|iPhone.ActiveCfg = Debug|Any CPU
		{7124E10A-C28A-496C-8561-63432487D21F}.AppStore|iPhone.Build.0 = Debug|Any CPU
		{7124E10A-C28A-496C-8561-63432487D21F}.AppStore|iPhone.Deploy.0 = Debug|Any CPU
		{7124E10A-C28A-496C-8561-63432487D21F}.AppStore|iPhoneSimulator.ActiveCfg = Debug|Any CPU
		{7124E10A-C28A-496C-8561-63432487D21F}.AppStore|iPhoneSimulator.Build.0 = Debug|Any CPU
		{7124E10A-C28A-496C-8561-63432487D21F}.AppStore|iPhoneSimulator.Deploy.0 = Debug|Any CPU
		{7124E10A-C28A-496C-8561-63432487D21F}.AppStore|x64.ActiveCfg = Debug|Any CPU
		{7124E10A-C28A-496C-8561-63432487D21F}.AppStore|x64.Build.0 = Debug|Any CPU
		{7124E10A-C28A-496C-8561-63432487D21F}.AppStore|x64.Deploy.0 = Debug|Any CPU
		{7124E10A-C28A-496C-8561-63432487D21F}.AppStore|x86.ActiveCfg = Debug|Any CPU
		{7124E10A-C28A-496C-8561-63432487D21F}.AppStore|x86.Build.0 = Debug|Any CPU
		{7124E10A-C28A-496C-8561-63432487D21F}.AppStore|x86.Deploy.0 = Debug|Any CPU
		{7124E10A-C28A-496C-8561-63432487D21F}.Debug|Any CPU.ActiveCfg = Debug|Any CPU
		{7124E10A-C28A-496C-8561-63432487D21F}.Debug|Any CPU.Build.0 = Debug|Any CPU
		{7124E10A-C28A-496C-8561-63432487D21F}.Debug|Any CPU.Deploy.0 = Debug|Any CPU
		{7124E10A-C28A-496C-8561-63432487D21F}.Debug|ARM.ActiveCfg = Debug|Any CPU
		{7124E10A-C28A-496C-8561-63432487D21F}.Debug|ARM.Build.0 = Debug|Any CPU
		{7124E10A-C28A-496C-8561-63432487D21F}.Debug|ARM.Deploy.0 = Debug|Any CPU
		{7124E10A-C28A-496C-8561-63432487D21F}.Debug|iPhone.ActiveCfg = Debug|Any CPU
		{7124E10A-C28A-496C-8561-63432487D21F}.Debug|iPhone.Build.0 = Debug|Any CPU
		{7124E10A-C28A-496C-8561-63432487D21F}.Debug|iPhone.Deploy.0 = Debug|Any CPU
		{7124E10A-C28A-496C-8561-63432487D21F}.Debug|iPhoneSimulator.ActiveCfg = Debug|Any CPU
		{7124E10A-C28A-496C-8561-63432487D21F}.Debug|iPhoneSimulator.Build.0 = Debug|Any CPU
		{7124E10A-C28A-496C-8561-63432487D21F}.Debug|iPhoneSimulator.Deploy.0 = Debug|Any CPU
		{7124E10A-C28A-496C-8561-63432487D21F}.Debug|x64.ActiveCfg = Debug|Any CPU
		{7124E10A-C28A-496C-8561-63432487D21F}.Debug|x64.Build.0 = Debug|Any CPU
		{7124E10A-C28A-496C-8561-63432487D21F}.Debug|x64.Deploy.0 = Debug|Any CPU
		{7124E10A-C28A-496C-8561-63432487D21F}.Debug|x86.ActiveCfg = Debug|Any CPU
		{7124E10A-C28A-496C-8561-63432487D21F}.Debug|x86.Build.0 = Debug|Any CPU
		{7124E10A-C28A-496C-8561-63432487D21F}.Debug|x86.Deploy.0 = Debug|Any CPU
		{7124E10A-C28A-496C-8561-63432487D21F}.Release|Any CPU.ActiveCfg = Release|Any CPU
		{7124E10A-C28A-496C-8561-63432487D21F}.Release|Any CPU.Build.0 = Release|Any CPU
		{7124E10A-C28A-496C-8561-63432487D21F}.Release|Any CPU.Deploy.0 = Release|Any CPU
		{7124E10A-C28A-496C-8561-63432487D21F}.Release|ARM.ActiveCfg = Release|Any CPU
		{7124E10A-C28A-496C-8561-63432487D21F}.Release|ARM.Build.0 = Release|Any CPU
		{7124E10A-C28A-496C-8561-63432487D21F}.Release|ARM.Deploy.0 = Release|Any CPU
		{7124E10A-C28A-496C-8561-63432487D21F}.Release|iPhone.ActiveCfg = Release|Any CPU
		{7124E10A-C28A-496C-8561-63432487D21F}.Release|iPhone.Build.0 = Release|Any CPU
		{7124E10A-C28A-496C-8561-63432487D21F}.Release|iPhone.Deploy.0 = Release|Any CPU
		{7124E10A-C28A-496C-8561-63432487D21F}.Release|iPhoneSimulator.ActiveCfg = Release|Any CPU
		{7124E10A-C28A-496C-8561-63432487D21F}.Release|iPhoneSimulator.Build.0 = Release|Any CPU
		{7124E10A-C28A-496C-8561-63432487D21F}.Release|iPhoneSimulator.Deploy.0 = Release|Any CPU
		{7124E10A-C28A-496C-8561-63432487D21F}.Release|x64.ActiveCfg = Release|Any CPU
		{7124E10A-C28A-496C-8561-63432487D21F}.Release|x64.Build.0 = Release|Any CPU
		{7124E10A-C28A-496C-8561-63432487D21F}.Release|x64.Deploy.0 = Release|Any CPU
		{7124E10A-C28A-496C-8561-63432487D21F}.Release|x86.ActiveCfg = Release|Any CPU
		{7124E10A-C28A-496C-8561-63432487D21F}.Release|x86.Build.0 = Release|Any CPU
		{7124E10A-C28A-496C-8561-63432487D21F}.Release|x86.Deploy.0 = Release|Any CPU
	EndGlobalSection
	GlobalSection(SolutionProperties) = preSolution
		HideSolutionNode = FALSE
	EndGlobalSection
	GlobalSection(ExtensibilityGlobals) = postSolution
		SolutionGuid = {CC3B6E9F-44B8-4652-A2A0-1043A035F999}
	EndGlobalSection
EndGlobal
